{
  "requires": true,
  "lockfileVersion": 1,
  "dependencies": {
    "gitbook-plugin-ad": {
      "version": "0.0.4",
      "resolved": "http://registry.npm.taobao.org/gitbook-plugin-ad/download/gitbook-plugin-ad-0.0.4.tgz",
      "integrity": "sha1-qe++BikWgJuDsxzr2sXWkfrNIAI="
    },
    "gitbook-plugin-fixhead": {
      "version": "0.0.1",
      "resolved": "https://registry.npmjs.org/gitbook-plugin-fixhead/-/gitbook-plugin-fixhead-0.0.1.tgz",
      "integrity": "sha1-9i3IkVlhMYzmYOFkwoZ3MdJpuR4="
    }
  }
}
